
Microsoft Visual Studio Solution File, Format Version 12.00
Project("{FAE04EC0-301F-11D3-BF4B-00C04F79EFBC}") = "PersonnelManagement.DataAccess", "PersonnelManagement.DataAccess\PersonnelManagement.DataAccess.csproj", "{4F52DE68-4AB6-4666-A7B5-75013AD6BB1F}"
EndProject
Project("{FAE04EC0-301F-11D3-BF4B-00C04F79EFBC}") = "PersonnelManagement.Application", "PersonnelManagement.Application\PersonnelManagement.Application.csproj", "{11DB09FC-E36F-4009-B84B-70FA95F4B44E}"
EndProject
Project("{FAE04EC0-301F-11D3-BF4B-00C04F79EFBC}") = "PersonnelManagement.Api", "PersonnelManagement.Api\PersonnelManagement.Api.csproj", "{3EED0EDD-0BED-4E6C-87D3-88C8F4925362}"
EndProject
Project("{2150E333-8FDC-42A3-9474-1A3956D46DE8}") = "src", "src", "{9DD30B41-E2D2-4466-89FD-43834D148E65}"
EndProject
Project("{2150E333-8FDC-42A3-9474-1A3956D46DE8}") = "PersonnelManagement", "PersonnelManagement", "{4DED238D-F70F-461F-A3A9-9989686E83C6}"
EndProject
Project("{2150E333-8FDC-42A3-9474-1A3956D46DE8}") = "Tests", "Tests", "{F463849B-BAB7-4CFA-8DB9-B4DAFAA158E9}"
EndProject
Project("{FAE04EC0-301F-11D3-BF4B-00C04F79EFBC}") = "PersonnelManagement.DataAccess.Tests", "PersonnelManagement.DataAccess.Tests\PersonnelManagement.DataAccess.Tests.csproj", "{03C76BEA-3821-4600-B87E-42B1C6FECA12}"
EndProject
Global
	GlobalSection(SolutionConfigurationPlatforms) = preSolution
		Debug|Any CPU = Debug|Any CPU
		Release|Any CPU = Release|Any CPU
	EndGlobalSection
	GlobalSection(ProjectConfigurationPlatforms) = postSolution
		{4F52DE68-4AB6-4666-A7B5-75013AD6BB1F}.Debug|Any CPU.ActiveCfg = Debug|Any CPU
		{4F52DE68-4AB6-4666-A7B5-75013AD6BB1F}.Debug|Any CPU.Build.0 = Debug|Any CPU
		{4F52DE68-4AB6-4666-A7B5-75013AD6BB1F}.Release|Any CPU.ActiveCfg = Release|Any CPU
		{4F52DE68-4AB6-4666-A7B5-75013AD6BB1F}.Release|Any CPU.Build.0 = Release|Any CPU
		{11DB09FC-E36F-4009-B84B-70FA95F4B44E}.Debug|Any CPU.ActiveCfg = Debug|Any CPU
		{11DB09FC-E36F-4009-B84B-70FA95F4B44E}.Debug|Any CPU.Build.0 = Debug|Any CPU
		{11DB09FC-E36F-4009-B84B-70FA95F4B44E}.Release|Any CPU.ActiveCfg = Release|Any CPU
		{11DB09FC-E36F-4009-B84B-70FA95F4B44E}.Release|Any CPU.Build.0 = Release|Any CPU
		{3EED0EDD-0BED-4E6C-87D3-88C8F4925362}.Debug|Any CPU.ActiveCfg = Debug|Any CPU
		{3EED0EDD-0BED-4E6C-87D3-88C8F4925362}.Debug|Any CPU.Build.0 = Debug|Any CPU
		{3EED0EDD-0BED-4E6C-87D3-88C8F4925362}.Release|Any CPU.ActiveCfg = Release|Any CPU
		{3EED0EDD-0BED-4E6C-87D3-88C8F4925362}.Release|Any CPU.Build.0 = Release|Any CPU
		{03C76BEA-3821-4600-B87E-42B1C6FECA12}.Debug|Any CPU.ActiveCfg = Debug|Any CPU
		{03C76BEA-3821-4600-B87E-42B1C6FECA12}.Debug|Any CPU.Build.0 = Debug|Any CPU
		{03C76BEA-3821-4600-B87E-42B1C6FECA12}.Release|Any CPU.ActiveCfg = Release|Any CPU
		{03C76BEA-3821-4600-B87E-42B1C6FECA12}.Release|Any CPU.Build.0 = Release|Any CPU
	EndGlobalSection
	GlobalSection(NestedProjects) = preSolution
		{4DED238D-F70F-461F-A3A9-9989686E83C6} = {9DD30B41-E2D2-4466-89FD-43834D148E65}
		{3EED0EDD-0BED-4E6C-87D3-88C8F4925362} = {4DED238D-F70F-461F-A3A9-9989686E83C6}
		{11DB09FC-E36F-4009-B84B-70FA95F4B44E} = {4DED238D-F70F-461F-A3A9-9989686E83C6}
		{4F52DE68-4AB6-4666-A7B5-75013AD6BB1F} = {4DED238D-F70F-461F-A3A9-9989686E83C6}
		{F463849B-BAB7-4CFA-8DB9-B4DAFAA158E9} = {4DED238D-F70F-461F-A3A9-9989686E83C6}
		{03C76BEA-3821-4600-B87E-42B1C6FECA12} = {F463849B-BAB7-4CFA-8DB9-B4DAFAA158E9}
	EndGlobalSection
EndGlobal
